
Microsoft Visual Studio Solution File, Format Version 12.00
# Visual Studio Version 17
VisualStudioVersion = 17.11.35222.181
MinimumVisualStudioVersion = 10.0.40219.1
Project("{9A19103F-16F7-4668-BE54-9A1E7A4F7556}") = "AspNetWebAppTemplate", "AspNetWebAppTemplate\AspNetWebAppTemplate.csproj", "{67414618-2201-41EA-9F23-AA37997121A6}"
EndProject
Project("{2150E333-8FDC-42A3-9474-1A3956D46DE8}") = "Solution Items", "Solution Items", "{72CAF8C3-FA9D-4B53-89B2-3941EE943009}"
	ProjectSection(SolutionItems) = preProject
		README.md = README.md
	EndProjectSection
EndProject
Global
	GlobalSection(SolutionConfigurationPlatforms) = preSolution
		Debug|Any CPU = Debug|Any CPU
		Release|Any CPU = Release|Any CPU
	EndGlobalSection
	GlobalSection(ProjectConfigurationPlatforms) = postSolution
		{67414618-2201-41EA-9F23-AA37997121A6}.Debug|Any CPU.ActiveCfg = Debug|Any CPU
		{67414618-2201-41EA-9F23-AA37997121A6}.Debug|Any CPU.Build.0 = Debug|Any CPU
		{67414618-2201-41EA-9F23-AA37997121A6}.Release|Any CPU.ActiveCfg = Release|Any CPU
		{67414618-2201-41EA-9F23-AA37997121A6}.Release|Any CPU.Build.0 = Release|Any CPU
	EndGlobalSection
	GlobalSection(SolutionProperties) = preSolution
		HideSolutionNode = FALSE
	EndGlobalSection
	GlobalSection(ExtensibilityGlobals) = postSolution
		SolutionGuid = {8295E9DB-A6F9-4971-8B6D-9D6058AC9A25}
	EndGlobalSection
EndGlobal
